<?xml version="1.0" encoding="utf-8"?>
<Project ToolsVersion="4.0" xmlns="http://schemas.microsoft.com/developer/msbuild/2003">
  <ItemGroup>
    <Filter Include="Source Files">
      <UniqueIdentifier>{4FC737F1-C7A5-4376-A066-2A32D752A2FF}</UniqueIdentifier>
      <Extensions>cpp;c;cc;cxx;c++;cppm;ixx;def;odl;idl;hpj;bat;asm;asmx</Extensions>
    </Filter>
    <Filter Include="Header Files">
      <UniqueIdentifier>{93995380-89BD-4b04-88EB-625FBE52EBFB}</UniqueIdentifier>
      <Extensions>h;hh;hpp;hxx;h++;hm;inl;inc;ipp;xsd</Extensions>
    </Filter>
    <Filter Include="Resource Files">
      <UniqueIdentifier>{67DA6AB6-F800-4c08-8B7A-83BB121AAD01}</UniqueIdentifier>
      <Extensions>rc;ico;cur;bmp;dlg;rc2;rct;bin;rgs;gif;jpg;jpeg;jpe;resx;tiff;tif;png;wav;mfcribbon-ms</Extensions>
    </Filter>
  </ItemGroup>
  <ItemGroup>
    <ClCompile Include="main.cpp">
      <Filter>Source Files</Filter>
    </ClCompile>
    <ClCompile Include="Source\Main\GameService.cpp">
      <Filter>Source Files</Filter>
    </ClCompile>
    <ClCompile Include="Source\Global\ServiceLocator.cpp">
      <Filter>Source Files</Filter>
    </ClCompile>
    <ClCompile Include="Source\Graphic\GraphicService.cpp">
      <Filter>Source Files</Filter>
    </ClCompile>
    <ClCompile Include="Source\Event\EventService.cpp">
      <Filter>Source Files</Filter>
    </ClCompile>
    <ClCompile Include="Source\Player\PlayerService.cpp">
      <Filter>Source Files</Filter>
    </ClCompile>
    <ClCompile Include="Source\Time\TimeService.cpp">
      <Filter>Source Files</Filter>
    </ClCompile>
    <ClCompile Include="Source\Player\PlayerModel.cpp">
      <Filter>Source Files</Filter>
    </ClCompile>
    <ClCompile Include="Source\Player\PlayerView.cpp">
      <Filter>Source Files</Filter>
    </ClCompile>
    <ClCompile Include="Source\Player\PlayerController.cpp">
      <Filter>Source Files</Filter>
    </ClCompile>
    <ClCompile Include="Source\UI\UIService.cpp">
      <Filter>Source Files</Filter>
    </ClCompile>
    <ClCompile Include="Source\UI\MainMenu\MainMenuController.cpp">
      <Filter>Source Files</Filter>
    </ClCompile>
    <ClCompile Include="Source\Enemy\EnemyService.cpp">
      <Filter>Source Files</Filter>
    </ClCompile>
    <ClCompile Include="Source\Enemy\EnemyController.cpp">
      <Filter>Source Files</Filter>
    </ClCompile>
    <ClCompile Include="Source\Enemy\EnemyView.cpp">
      <Filter>Source Files</Filter>
    </ClCompile>
    <ClCompile Include="Source\Enemy\EnemyModel.cpp">
      <Filter>Source Files</Filter>
    </ClCompile>
    <ClCompile Include="Source\Gameplay\GameplayService.cpp">
      <Filter>Source Files</Filter>
    </ClCompile>
    <ClCompile Include="Source\Enemy\Controllers\SubZeroController.cpp">
      <Filter>Source Files</Filter>
    </ClCompile>
    <ClCompile Include="Source\Enemy\Controllers\ZapperController.cpp">
      <Filter>Source Files</Filter>
    </ClCompile>
    <ClCompile Include="Source\Elements\ElementService.cpp">
      <Filter>Source Files</Filter>
    </ClCompile>
    <ClCompile Include="Source\Elements\Bunker\BunkerController.cpp">
      <Filter>Source Files</Filter>
    </ClCompile>
    <ClCompile Include="Source\Elements\Bunker\BunkerView.cpp">
      <Filter>Source Files</Filter>
    </ClCompile>
    <ClCompile Include="Source\Elements\Bunker\BunkerModel.cpp">
      <Filter>Source Files</Filter>
    </ClCompile>
    <ClCompile Include="Source\Global\Config.cpp">
      <Filter>Source Files</Filter>
    </ClCompile>
    <ClCompile Include="Source\Sound\SoundService.cpp">
      <Filter>Source Files</Filter>
    </ClCompile>
    <ClCompile Include="Source\Bullet\BulletService.cpp">
      <Filter>Source Files</Filter>
    </ClCompile>
    <ClCompile Include="Source\Bullet\BulletController.cpp">
      <Filter>Source Files</Filter>
    </ClCompile>
    <ClCompile Include="Source\Bullet\BulletModel.cpp">
      <Filter>Source Files</Filter>
    </ClCompile>
    <ClCompile Include="Source\Bullet\BulletView.cpp">
      <Filter>Source Files</Filter>
    </ClCompile>
    <ClCompile Include="Source\Bullet\Controllers\LaserBulletController.cpp">
      <Filter>Source Files</Filter>
    </ClCompile>
    <ClCompile Include="Source\Bullet\Controllers\FrostBulletController.cpp">
      <Filter>Source Files</Filter>
    </ClCompile>
    <ClCompile Include="Source\Bullet\Controllers\TorpedoController.cpp">
      <Filter>Source Files</Filter>
    </ClCompile>
    <ClCompile Include="Source\Enemy\Controllers\ThunderSnakeController.cpp">
      <Filter>Source Files</Filter>
    </ClCompile>
    <ClCompile Include="Source\Powerup\PowerupService.cpp">
      <Filter>Source Files</Filter>
    </ClCompile>
    <ClCompile Include="Source\Powerup\PowerupController.cpp">
      <Filter>Source Files</Filter>
    </ClCompile>
    <ClCompile Include="Source\Powerup\PowerupModel.cpp">
      <Filter>Source Files</Filter>
    </ClCompile>
    <ClCompile Include="Source\Powerup\PowerupView.cpp">
      <Filter>Source Files</Filter>
    </ClCompile>
    <ClCompile Include="Source\Powerup\Controllers\ShieldController.cpp">
      <Filter>Source Files</Filter>
    </ClCompile>
    <ClCompile Include="Source\Powerup\Controllers\TrippleLaser.cpp">
      <Filter>Source Files</Filter>
    </ClCompile>
    <ClCompile Include="Source\Powerup\Controllers\RapidFireController.cpp">
      <Filter>Source Files</Filter>
    </ClCompile>
    <ClCompile Include="Source\Powerup\Controllers\OutscalBombController.cpp">
      <Filter>Source Files</Filter>
    </ClCompile>
    <ClCompile Include="Source\Enemy\Controllers\UFOController.cpp">
      <Filter>Source Files</Filter>
    </ClCompile>
    <ClCompile Include="Source\UI\UIElement\UIView.cpp">
      <Filter>Source Files</Filter>
    </ClCompile>
    <ClCompile Include="Source\UI\UIElement\TextView.cpp">
      <Filter>Source Files</Filter>
    </ClCompile>
    <ClCompile Include="Source\UI\UIElement\ImageView.cpp">
      <Filter>Source Files</Filter>
    </ClCompile>
    <ClCompile Include="Source\UI\UIElement\ButtonView.cpp">
      <Filter>Source Files</Filter>
    </ClCompile>
    <ClCompile Include="Source\Gameplay\GameplayView.cpp">
      <Filter>Source Files</Filter>
    </ClCompile>
    <ClCompile Include="Source\Gameplay\GameplayController.cpp">
      <Filter>Source Files</Filter>
    </ClCompile>
  </ItemGroup>
  <ItemGroup>
    <ClInclude Include="Header\Main\GameService.h">
      <Filter>Header Files</Filter>
    </ClInclude>
    <ClInclude Include="Header\Global\ServiceLocator.h">
      <Filter>Header Files</Filter>
    </ClInclude>
    <ClInclude Include="Header\Graphic\GraphicService.h">
      <Filter>Header Files</Filter>
    </ClInclude>
    <ClInclude Include="Header\Event\EventService.h">
      <Filter>Header Files</Filter>
    </ClInclude>
    <ClInclude Include="Header\Player\PlayerService.h">
      <Filter>Header Files</Filter>
    </ClInclude>
    <ClInclude Include="Header\Time\TimeService.h">
      <Filter>Header Files</Filter>
    </ClInclude>
    <ClInclude Include="Header\Player\PlayerModel.h">
      <Filter>Header Files</Filter>
    </ClInclude>
    <ClInclude Include="Header\Player\PlayerView.h">
      <Filter>Header Files</Filter>
    </ClInclude>
    <ClInclude Include="Header\Player\PlayerController.h">
      <Filter>Header Files</Filter>
    </ClInclude>
    <ClInclude Include="Header\UI\UIService.h">
      <Filter>Header Files</Filter>
    </ClInclude>
    <ClInclude Include="Header\UI\MainMenu\MainMenuController.h">
      <Filter>Header Files</Filter>
    </ClInclude>
    <ClInclude Include="Header\Enemy\EnemyService.h">
      <Filter>Header Files</Filter>
    </ClInclude>
    <ClInclude Include="Header\Enemy\EnemyController.h">
      <Filter>Header Files</Filter>
    </ClInclude>
    <ClInclude Include="Header\Enemy\EnemyView.h">
      <Filter>Header Files</Filter>
    </ClInclude>
    <ClInclude Include="Header\Enemy\EnemyModel.h">
      <Filter>Header Files</Filter>
    </ClInclude>
    <ClInclude Include="Header\Gameplay\GameplayService.h">
      <Filter>Header Files</Filter>
    </ClInclude>
    <ClInclude Include="Header\Enemy\EnemyConfig.h">
      <Filter>Header Files</Filter>
    </ClInclude>
    <ClInclude Include="Header\Enemy\Controllers\ZapperController.h">
      <Filter>Header Files</Filter>
    </ClInclude>
    <ClInclude Include="Header\Enemy\Controllers\SubZeroController.h">
      <Filter>Header Files</Filter>
    </ClInclude>
    <ClInclude Include="Header\Elements\ElementService.h">
      <Filter>Header Files</Filter>
    </ClInclude>
    <ClInclude Include="Header\Elements\Bunker\BunkerController.h">
      <Filter>Header Files</Filter>
    </ClInclude>
    <ClInclude Include="Header\Elements\Bunker\BunkerView.h">
      <Filter>Header Files</Filter>
    </ClInclude>
    <ClInclude Include="Header\Elements\Bunker\BunkerModel.h">
      <Filter>Header Files</Filter>
    </ClInclude>
    <ClInclude Include="Header\Global\Config.h">
      <Filter>Header Files</Filter>
    </ClInclude>
    <ClInclude Include="Header\Sound\SoundService.h">
      <Filter>Header Files</Filter>
    </ClInclude>
    <ClInclude Include="Header\Projectile\IProjectile.h">
      <Filter>Header Files</Filter>
    </ClInclude>
    <ClInclude Include="Header\Bullet\BulletService.h">
      <Filter>Header Files</Filter>
    </ClInclude>
    <ClInclude Include="Header\Bullet\BulletController.h">
      <Filter>Header Files</Filter>
    </ClInclude>
    <ClInclude Include="Header\Bullet\BulletModel.h">
      <Filter>Header Files</Filter>
    </ClInclude>
    <ClInclude Include="Header\Bullet\BulletView.h">
      <Filter>Header Files</Filter>
    </ClInclude>
    <ClInclude Include="Header\Bullet\BulletConfig.h">
      <Filter>Header Files</Filter>
    </ClInclude>
    <ClInclude Include="Header\Bullet\Controllers\TorpedoController.h">
      <Filter>Header Files</Filter>
    </ClInclude>
    <ClInclude Include="Header\Bullet\Controllers\LaserBulletController.h">
      <Filter>Header Files</Filter>
    </ClInclude>
    <ClInclude Include="Header\Bullet\Controllers\FrostBulletController.h">
      <Filter>Header Files</Filter>
    </ClInclude>
    <ClInclude Include="Header\Enemy\Controllers\ThunderSnakeController.h">
      <Filter>Header Files</Filter>
    </ClInclude>
    <ClInclude Include="Header\Collectible\ICollectible.h">
      <Filter>Header Files</Filter>
    </ClInclude>
    <ClInclude Include="Header\Powerup\PowerupConfig.h">
      <Filter>Header Files</Filter>
    </ClInclude>
    <ClInclude Include="Header\Powerup\PowerupService.h">
      <Filter>Header Files</Filter>
    </ClInclude>
    <ClInclude Include="Header\Powerup\PowerupController.h">
      <Filter>Header Files</Filter>
    </ClInclude>
    <ClInclude Include="Header\Powerup\PowerupModel.h">
      <Filter>Header Files</Filter>
    </ClInclude>
    <ClInclude Include="Header\Powerup\PowerupView.h">
      <Filter>Header Files</Filter>
    </ClInclude>
    <ClInclude Include="Header\Powerup\Controllers\OutscalBombController.h">
      <Filter>Header Files</Filter>
    </ClInclude>
    <ClInclude Include="Header\Powerup\Controllers\TrippleLaserController.h">
      <Filter>Header Files</Filter>
    </ClInclude>
    <ClInclude Include="Header\Powerup\Controllers\RapidFireController.h">
      <Filter>Header Files</Filter>
    </ClInclude>
    <ClInclude Include="Header\Powerup\Controllers\ShieldController.h">
      <Filter>Header Files</Filter>
    </ClInclude>
    <ClInclude Include="Header\Enemy\Controllers\UFOController.h">
      <Filter>Header Files</Filter>
    </ClInclude>
    <ClInclude Include="Header\UI\Interface\IUIController.h">
      <Filter>Header Files</Filter>
    </ClInclude>
    <ClInclude Include="Header\UI\UIElement\UIView.h">
      <Filter>Header Files</Filter>
    </ClInclude>
    <ClInclude Include="Header\UI\UIElement\TextView.h">
      <Filter>Header Files</Filter>
    </ClInclude>
    <ClInclude Include="Header\UI\UIElement\ImageView.h">
      <Filter>Header Files</Filter>
    </ClInclude>
    <ClInclude Include="Header\UI\UIElement\ButtonView.h">
      <Filter>Header Files</Filter>
    </ClInclude>
    <ClInclude Include="Header\Gameplay\GameplayController.h">
      <Filter>Header Files</Filter>
    </ClInclude>
    <ClInclude Include="Header\Gameplay\GameplayView.h">
      <Filter>Header Files</Filter>
    </ClInclude>
  </ItemGroup>
  <ItemGroup>
    <Image Include="assets\textures\enemy_ship.png">
      <Filter>Resource Files</Filter>
    </Image>
    <Image Include="assets\textures\instructions_button.png">
      <Filter>Resource Files</Filter>
    </Image>
    <Image Include="assets\textures\menu_button.png">
      <Filter>Resource Files</Filter>
    </Image>
    <Image Include="assets\textures\outscal_logo.png">
      <Filter>Resource Files</Filter>
    </Image>
    <Image Include="assets\textures\play_button.png">
      <Filter>Resource Files</Filter>
    </Image>
    <Image Include="assets\textures\player_ship.png">
      <Filter>Resource Files</Filter>
    </Image>
    <Image Include="assets\textures\quit_button.png">
      <Filter>Resource Files</Filter>
    </Image>
    <Image Include="assets\textures\space_invaders_bg.png">
      <Filter>Resource Files</Filter>
    </Image>
    <Image Include="assets\textures\bunker.png">
      <Filter>Resource Files</Filter>
    </Image>
  </ItemGroup>
</Project>