<?xml version="1.0" encoding="utf-8"?>
<Project ToolsVersion="4.0" xmlns="http://schemas.microsoft.com/developer/msbuild/2003">
  <ItemGroup>
    <Filter Include="Source Files">
      <UniqueIdentifier>{4FC737F1-C7A5-4376-A066-2A32D752A2FF}</UniqueIdentifier>
      <Extensions>cpp;c;cc;cxx;c++;cppm;ixx;def;odl;idl;hpj;bat;asm;asmx</Extensions>
    </Filter>
    <Filter Include="Header Files">
      <UniqueIdentifier>{93995380-89BD-4b04-88EB-625FBE52EBFB}</UniqueIdentifier>
      <Extensions>h;hh;hpp;hxx;h++;hm;inl;inc;ipp;xsd</Extensions>
    </Filter>
    <Filter Include="Resource Files">
      <UniqueIdentifier>{67DA6AB6-F800-4c08-8B7A-83BB121AAD01}</UniqueIdentifier>
      <Extensions>rc;ico;cur;bmp;dlg;rc2;rct;bin;rgs;gif;jpg;jpeg;jpe;resx;tiff;tif;png;wav;mfcribbon-ms</Extensions>
    </Filter>
  </ItemGroup>
  <ItemGroup>
    <ClCompile Include="main.cpp">
      <Filter>Source Files</Filter>
    </ClCompile>
    <ClCompile Include="source\Main\GameService.cpp">
      <Filter>Source Files</Filter>
    </ClCompile>
    <ClCompile Include="source\Global\ServiceLocator.cpp">
      <Filter>Source Files</Filter>
    </ClCompile>
    <ClCompile Include="source\Event\EventService.cpp">
      <Filter>Source Files</Filter>
    </ClCompile>
    <ClCompile Include="source\UI\UIService.cpp">
      <Filter>Source Files</Filter>
    </ClCompile>
    <ClCompile Include="source\Enemy\EnemyController.cpp">
      <Filter>Source Files</Filter>
    </ClCompile>
    <ClCompile Include="source\Enemy\EnemyModel.cpp">
      <Filter>Source Files</Filter>
    </ClCompile>
    <ClCompile Include="source\Enemy\EnemyService.cpp">
      <Filter>Source Files</Filter>
    </ClCompile>
    <ClCompile Include="source\Enemy\EnemyView.cpp">
      <Filter>Source Files</Filter>
    </ClCompile>
    <ClCompile Include="source\Global\Config.cpp">
      <Filter>Source Files</Filter>
    </ClCompile>
    <ClCompile Include="source\Sound\SoundService.cpp">
      <Filter>Source Files</Filter>
    </ClCompile>
    <ClCompile Include="source\Time\TimeService.cpp">
      <Filter>Source Files</Filter>
    </ClCompile>
    <ClCompile Include="source\Player\PlayerController.cpp">
      <Filter>Source Files</Filter>
    </ClCompile>
    <ClCompile Include="source\Player\PlayerModel.cpp">
      <Filter>Source Files</Filter>
    </ClCompile>
    <ClCompile Include="source\Player\PlayerService.cpp">
      <Filter>Source Files</Filter>
    </ClCompile>
    <ClCompile Include="source\Player\PlayerView.cpp">
      <Filter>Source Files</Filter>
    </ClCompile>
    <ClCompile Include="source\UI\MainMenu\MainMenuUIController.cpp">
      <Filter>Source Files</Filter>
    </ClCompile>
    <ClCompile Include="source\UI\SplashScreen\SplashScreenUIController.cpp">
      <Filter>Source Files</Filter>
    </ClCompile>
    <ClCompile Include="source\Gameplay\GameplayService.cpp">
      <Filter>Source Files</Filter>
    </ClCompile>
    <ClCompile Include="source\Gameplay\GameplayController.cpp">
      <Filter>Source Files</Filter>
    </ClCompile>
    <ClCompile Include="source\Gameplay\GameplayView.cpp">
      <Filter>Source Files</Filter>
    </ClCompile>
    <ClCompile Include="source\Elements\Bunker\BunkerView.cpp">
      <Filter>Source Files</Filter>
    </ClCompile>
    <ClCompile Include="source\Elements\ElementService.cpp">
      <Filter>Source Files</Filter>
    </ClCompile>
    <ClCompile Include="source\Elements\Bunker\BunkerController.cpp">
      <Filter>Source Files</Filter>
    </ClCompile>
    <ClCompile Include="source\Bullet\BulletController.cpp">
      <Filter>Source Files</Filter>
    </ClCompile>
    <ClCompile Include="source\Bullet\BulletModel.cpp">
      <Filter>Source Files</Filter>
    </ClCompile>
    <ClCompile Include="source\Bullet\BulletService.cpp">
      <Filter>Source Files</Filter>
    </ClCompile>
    <ClCompile Include="source\Bullet\BulletView.cpp">
      <Filter>Source Files</Filter>
    </ClCompile>
    <ClCompile Include="source\Bullet\Controller\FrostBeamController.cpp">
      <Filter>Source Files</Filter>
    </ClCompile>
    <ClCompile Include="source\Bullet\Controller\LaserBulletController.cpp">
      <Filter>Source Files</Filter>
    </ClCompile>
    <ClCompile Include="source\Bullet\Controller\TorpedoeController.cpp">
      <Filter>Source Files</Filter>
    </ClCompile>
    <ClCompile Include="source\Collision\CollisionService.cpp">
      <Filter>Source Files</Filter>
    </ClCompile>
    <ClCompile Include="source\Enemy\Controller\SubzeroController.cpp">
      <Filter>Source Files</Filter>
    </ClCompile>
    <ClCompile Include="source\Enemy\Controller\ThunderSnakeController.cpp">
      <Filter>Source Files</Filter>
    </ClCompile>
    <ClCompile Include="source\Enemy\Controller\UFOController.cpp">
      <Filter>Source Files</Filter>
    </ClCompile>
    <ClCompile Include="source\Enemy\Controller\ZapperController.cpp">
      <Filter>Source Files</Filter>
    </ClCompile>
    <ClCompile Include="source\Powerup\PowerupController.cpp">
      <Filter>Source Files</Filter>
    </ClCompile>
    <ClCompile Include="source\Powerup\PowerupModel.cpp">
      <Filter>Source Files</Filter>
    </ClCompile>
    <ClCompile Include="source\Powerup\PowerupService.cpp">
      <Filter>Source Files</Filter>
    </ClCompile>
    <ClCompile Include="source\Powerup\PowerupView.cpp">
    <ClCompile Include="source\Graphics\GraphicService.cpp">
      <Filter>Source Files</Filter>
    </ClCompile>
    <ClCompile Include="source\Elements\Bunker\BunkerData.cpp">
      <Filter>Source Files</Filter>
    </ClCompile>
    <ClCompile Include="source\Bullet\BulletConfig.cpp">
      <Filter>Source Files</Filter>
    </ClCompile>
    <ClCompile Include="source\Particle\ParticleService.cpp">
      <Filter>Source Files</Filter>
    </ClCompile>
    <ClCompile Include="source\Particle\ParticleSystem.cpp">
      <Filter>Source Files</Filter>
    </ClCompile>
    <ClCompile Include="source\Collision\ICollider.cpp">
      <Filter>Source Files</Filter>
    </ClCompile>
    <ClCompile Include="source\UI\GameplayUI\GameplayUIController.cpp">
      <Filter>Source Files</Filter>
    </ClCompile>
    <ClCompile Include="source\UI\Instructions\InstructionsScreenUIController.cpp">
      <Filter>Source Files</Filter>
    </ClCompile>
    <ClCompile Include="source\UI\Credits\CreditsScreenUIController.cpp">
      <Filter>Source Files</Filter>
    </ClCompile>
    <ClCompile Include="source\Player\HighScore.cpp">
      <Filter>Source Files</Filter>
    </ClCompile>
  </ItemGroup>
  <ItemGroup>
    <ClInclude Include="header\Main\GameService.h">
      <Filter>Header Files</Filter>
    </ClInclude>
    <ClInclude Include="header\Global\ServiceLocator.h">
      <Filter>Header Files</Filter>
    </ClInclude>
    <ClInclude Include="header\Event\EventService.h">
      <Filter>Header Files</Filter>
    </ClInclude>
    <ClInclude Include="header\UI\UIService.h">
      <Filter>Header Files</Filter>
    </ClInclude>
    <ClInclude Include="header\Player\PlayerService.h">
      <Filter>Header Files</Filter>
    </ClInclude>
    <ClInclude Include="header\Enemy\EnemyController.h">
      <Filter>Header Files</Filter>
    </ClInclude>
    <ClInclude Include="header\Enemy\EnemyModel.h">
      <Filter>Header Files</Filter>
    </ClInclude>
    <ClInclude Include="header\Enemy\EnemyService.h">
      <Filter>Header Files</Filter>
    </ClInclude>
    <ClInclude Include="header\Enemy\EnemyView.h">
      <Filter>Header Files</Filter>
    </ClInclude>
    <ClInclude Include="header\Global\Config.h">
      <Filter>Header Files</Filter>
    </ClInclude>
    <ClInclude Include="header\Sound\SoundService.h">
      <Filter>Header Files</Filter>
    </ClInclude>
    <ClInclude Include="header\Time\TimeService.h">
      <Filter>Header Files</Filter>
    </ClInclude>
    <ClInclude Include="header\Player\PlayerController.h">
      <Filter>Header Files</Filter>
    </ClInclude>
    <ClInclude Include="header\Player\PlayerModel.h">
      <Filter>Header Files</Filter>
    </ClInclude>
    <ClInclude Include="header\Player\PlayerView.h">
      <Filter>Header Files</Filter>
    </ClInclude>
    <ClInclude Include="header\UI\MainMenu\MainMenuUIController.h">
      <Filter>Header Files</Filter>
    </ClInclude>
    <ClInclude Include="header\UI\SplashScreen\SplashScreenUIController.h">
      <Filter>Header Files</Filter>
    </ClInclude>
    <ClInclude Include="header\Gameplay\GameplayService.h">
      <Filter>Header Files</Filter>
    </ClInclude>
    <ClInclude Include="header\Gameplay\GameplayController.h">
      <Filter>Header Files</Filter>
    </ClInclude>
    <ClInclude Include="header\Gameplay\GameplayView.h">
      <Filter>Header Files</Filter>
    </ClInclude>
    <ClInclude Include="header\Elements\Bunker\BunkerView.h">
      <Filter>Header Files</Filter>
    </ClInclude>
    <ClInclude Include="header\Elements\ElementService.h">
      <Filter>Header Files</Filter>
    </ClInclude>
    <ClInclude Include="header\Elements\Bunker\BunkerController.h">
      <Filter>Header Files</Filter>
    </ClInclude>
    <ClInclude Include="header\Bullet\BulletConfig.h">
      <Filter>Header Files</Filter>
    </ClInclude>
    <ClInclude Include="header\Bullet\BulletController.h">
      <Filter>Header Files</Filter>
    </ClInclude>
    <ClInclude Include="header\Bullet\BulletModel.h">
      <Filter>Header Files</Filter>
    </ClInclude>
    <ClInclude Include="header\Bullet\BulletService.h">
      <Filter>Header Files</Filter>
    </ClInclude>
    <ClInclude Include="header\Bullet\BulletView.h">
      <Filter>Header Files</Filter>
    </ClInclude>
    <ClInclude Include="header\Bullet\Controller\FrostBeamController.h">
      <Filter>Header Files</Filter>
    </ClInclude>
    <ClInclude Include="header\Bullet\Controller\LaserBulletController.h">
      <Filter>Header Files</Filter>
    </ClInclude>
    <ClInclude Include="header\Bullet\Controller\TorpedoeController.h">
      <Filter>Header Files</Filter>
    </ClInclude>
    <ClInclude Include="header\Bullet\IBullet.h">
      <Filter>Header Files</Filter>
    </ClInclude>
    <ClInclude Include="header\Collision\CollisionService.h">
      <Filter>Header Files</Filter>
    </ClInclude>
    <ClInclude Include="header\Collision\ICollider.h">
      <Filter>Header Files</Filter>
    </ClInclude>
    <ClInclude Include="header\Enemy\Controller\SubzeroController.h">
      <Filter>Header Files</Filter>
    </ClInclude>
    <ClInclude Include="header\Enemy\Controller\ThunderSnakeController.h">
      <Filter>Header Files</Filter>
    </ClInclude>
    <ClInclude Include="header\Enemy\Controller\UFOController.h">
      <Filter>Header Files</Filter>
    </ClInclude>
    <ClInclude Include="header\Enemy\EnemyConfig.h">
      <Filter>Header Files</Filter>
    </ClInclude>
    <ClInclude Include="header\Enemy\Controller\ZapperController.h">
      <Filter>Header Files</Filter>
    </ClInclude>
    <ClInclude Include="header\Powerup\IPowerup.h">
      <Filter>Header Files</Filter>
    </ClInclude>
    <ClInclude Include="header\Powerup\PowerupConfig.h">
      <Filter>Header Files</Filter>
    </ClInclude>
    <ClInclude Include="header\Powerup\PowerupController.h">
      <Filter>Header Files</Filter>
    </ClInclude>
    <ClInclude Include="header\Powerup\PowerupModel.h">
      <Filter>Header Files</Filter>
    </ClInclude>
    <ClInclude Include="header\Powerup\PowerupService.h">
      <Filter>Header Files</Filter>
    </ClInclude>
    <ClInclude Include="header\Powerup\PowerupView.h">
      <Filter>Header Files</Filter>
    </ClInclude>
    <ClInclude Include="header\Entity\EntityConfig.h">
    <ClInclude Include="header\Graphics\GraphicService.h">
      <Filter>Header Files</Filter>
    </ClInclude>
    <ClInclude Include="header\Elements\Bunker\BunkerData.h">
      <Filter>Header Files</Filter>
    </ClInclude>
    <ClInclude Include="header\Particle\ParticleService.h">
      <Filter>Header Files</Filter>
    </ClInclude>
    <ClInclude Include="header\Particle\ParticleSystem.h">
      <Filter>Header Files</Filter>
    </ClInclude>
    <ClInclude Include="header\UI\GameplayUI\GameplayUIController.h">
      <Filter>Header Files</Filter>
    </ClInclude>
    <ClInclude Include="header\UI\Instructions\InstructionsScreenUIController.h">
      <Filter>Header Files</Filter>
    </ClInclude>
    <ClInclude Include="header\UI\Credits\CreditsScreenUIController.h">
      <Filter>Header Files</Filter>
    </ClInclude>
    <ClInclude Include="header\Player\HighScore.h">
      <Filter>Header Files</Filter>
    </ClInclude>
  </ItemGroup>
</Project>